
Microsoft Visual Studio Solution File, Format Version 12.00
# Visual Studio Version 17
VisualStudioVersion = 17.0.31912.275
MinimumVisualStudioVersion = 10.0.40219.1
Project("{FAE04EC0-301F-11D3-BF4B-00C04F79EFBC}") = "SelectionStatementsExerciseConsole", "SelectionStatementsExerciseConsole\SelectionStatementsExerciseConsole.csproj", "{97D36733-9C9D-44A5-8DFC-CA836615A810}"
EndProject
Global
	GlobalSection(SolutionConfigurationPlatforms) = preSolution
		Debug|Any CPU = Debug|Any CPU
		Release|Any CPU = Release|Any CPU
	EndGlobalSection
	GlobalSection(ProjectConfigurationPlatforms) = postSolution
		{97D36733-9C9D-44A5-8DFC-CA836615A810}.Debug|Any CPU.ActiveCfg = Debug|Any CPU
		{97D36733-9C9D-44A5-8DFC-CA836615A810}.Debug|Any CPU.Build.0 = Debug|Any CPU
		{97D36733-9C9D-44A5-8DFC-CA836615A810}.Release|Any CPU.ActiveCfg = Release|Any CPU
		{97D36733-9C9D-44A5-8DFC-CA836615A810}.Release|Any CPU.Build.0 = Release|Any CPU
	EndGlobalSection
	GlobalSection(SolutionProperties) = preSolution
		HideSolutionNode = FALSE
	EndGlobalSection
	GlobalSection(ExtensibilityGlobals) = postSolution
		SolutionGuid = {9AC04850-F229-4ECB-9ACE-92E7DD00B98C}
	EndGlobalSection
EndGlobal
